
Microsoft Visual Studio Solution File, Format Version 12.00
# Visual Studio Version 16
VisualStudioVersion = 16.0.30709.132
MinimumVisualStudioVersion = 10.0.40219.1
Project("{FAE04EC0-301F-11D3-BF4B-00C04F79EFBC}") = "HelloWord.Api", "HelloWord.Api\HelloWord.Api.csproj", "{69F10527-E929-4DF7-849A-B60490EA6743}"
EndProject
Project("{FAE04EC0-301F-11D3-BF4B-00C04F79EFBC}") = "HelloWord.Bll", "HelloWord.Bll\HelloWord.Bll.csproj", "{33A6F441-455C-447D-BF07-73B2C23FD955}"
EndProject
Project("{FAE04EC0-301F-11D3-BF4B-00C04F79EFBC}") = "HelloWord.Dal", "HelloWord.Dal\HelloWord.Dal.csproj", "{04A09A5F-53F0-497C-9D49-1C15255F1E11}"
EndProject
Global
	GlobalSection(SolutionConfigurationPlatforms) = preSolution
		Debug|Any CPU = Debug|Any CPU
		Release|Any CPU = Release|Any CPU
	EndGlobalSection
	GlobalSection(ProjectConfigurationPlatforms) = postSolution
		{69F10527-E929-4DF7-849A-B60490EA6743}.Debug|Any CPU.ActiveCfg = Debug|Any CPU
		{69F10527-E929-4DF7-849A-B60490EA6743}.Debug|Any CPU.Build.0 = Debug|Any CPU
		{69F10527-E929-4DF7-849A-B60490EA6743}.Release|Any CPU.ActiveCfg = Release|Any CPU
		{69F10527-E929-4DF7-849A-B60490EA6743}.Release|Any CPU.Build.0 = Release|Any CPU
		{33A6F441-455C-447D-BF07-73B2C23FD955}.Debug|Any CPU.ActiveCfg = Debug|Any CPU
		{33A6F441-455C-447D-BF07-73B2C23FD955}.Debug|Any CPU.Build.0 = Debug|Any CPU
		{33A6F441-455C-447D-BF07-73B2C23FD955}.Release|Any CPU.ActiveCfg = Release|Any CPU
		{33A6F441-455C-447D-BF07-73B2C23FD955}.Release|Any CPU.Build.0 = Release|Any CPU
		{04A09A5F-53F0-497C-9D49-1C15255F1E11}.Debug|Any CPU.ActiveCfg = Debug|Any CPU
		{04A09A5F-53F0-497C-9D49-1C15255F1E11}.Debug|Any CPU.Build.0 = Debug|Any CPU
		{04A09A5F-53F0-497C-9D49-1C15255F1E11}.Release|Any CPU.ActiveCfg = Release|Any CPU
		{04A09A5F-53F0-497C-9D49-1C15255F1E11}.Release|Any CPU.Build.0 = Release|Any CPU
	EndGlobalSection
	GlobalSection(SolutionProperties) = preSolution
		HideSolutionNode = FALSE
	EndGlobalSection
	GlobalSection(ExtensibilityGlobals) = postSolution
		SolutionGuid = {FA9B31D0-F9B3-4BC3-8D35-365AB5A84451}
	EndGlobalSection
EndGlobal
